// !$*UTF8*$!
{
	archiveVersion = 1;
	classes = {
	};
	objectVersion = 55;
	objects = {

/* Begin PBXBuildFile section */
		05FB8EE4F2CFBA8A066672FA /* Pods_InstagramTests.framework in Frameworks */ = {isa = PBXBuildFile; fileRef = 71FBFACAD7074BA2BE68FF17 /* Pods_InstagramTests.framework */; };
		94D405248615A31688CAF19A /* Pods_Instagram_InstagramUITests.framework in Frameworks */ = {isa = PBXBuildFile; fileRef = 73D9AEF8891C6D91E008B658 /* Pods_Instagram_InstagramUITests.framework */; };
		CD477B4DC803485FE242A74D /* Pods_Instagram.framework in Frameworks */ = {isa = PBXBuildFile; fileRef = 17AA43B695211FDD8BD2479C /* Pods_Instagram.framework */; };
		F9097D4527CDAE4900AFC065 /* AppDelegate.swift in Sources */ = {isa = PBXBuildFile; fileRef = F9097D4427CDAE4900AFC065 /* AppDelegate.swift */; };
		F9097D4727CDAE4900AFC065 /* SceneDelegate.swift in Sources */ = {isa = PBXBuildFile; fileRef = F9097D4627CDAE4900AFC065 /* SceneDelegate.swift */; };
		F9097D4C27CDAE4900AFC065 /* Main.storyboard in Resources */ = {isa = PBXBuildFile; fileRef = F9097D4A27CDAE4900AFC065 /* Main.storyboard */; };
		F9097D4E27CDAE4B00AFC065 /* Assets.xcassets in Resources */ = {isa = PBXBuildFile; fileRef = F9097D4D27CDAE4B00AFC065 /* Assets.xcassets */; };
		F9097D5127CDAE4B00AFC065 /* LaunchScreen.storyboard in Resources */ = {isa = PBXBuildFile; fileRef = F9097D4F27CDAE4B00AFC065 /* LaunchScreen.storyboard */; };
		F9097D5C27CDAE4B00AFC065 /* InstagramTests.swift in Sources */ = {isa = PBXBuildFile; fileRef = F9097D5B27CDAE4B00AFC065 /* InstagramTests.swift */; };
		F9097D6627CDAE4B00AFC065 /* InstagramUITests.swift in Sources */ = {isa = PBXBuildFile; fileRef = F9097D6527CDAE4B00AFC065 /* InstagramUITests.swift */; };
		F9097D6827CDAE4B00AFC065 /* InstagramUITestsLaunchTests.swift in Sources */ = {isa = PBXBuildFile; fileRef = F9097D6727CDAE4B00AFC065 /* InstagramUITestsLaunchTests.swift */; };
		F9097D7527CDB18500AFC065 /* LoginViewController.swift in Sources */ = {isa = PBXBuildFile; fileRef = F9097D7427CDB18500AFC065 /* LoginViewController.swift */; };
		F9097D7727CDB21D00AFC065 /* FeedViewController.swift in Sources */ = {isa = PBXBuildFile; fileRef = F9097D7627CDB21D00AFC065 /* FeedViewController.swift */; };
		F9097D7927CDCA2F00AFC065 /* CameraViewController.swift in Sources */ = {isa = PBXBuildFile; fileRef = F9097D7827CDCA2F00AFC065 /* CameraViewController.swift */; };
		F9097D7B27CDDBA900AFC065 /* PostCell.swift in Sources */ = {isa = PBXBuildFile; fileRef = F9097D7A27CDDBA800AFC065 /* PostCell.swift */; };
		F9284CA727D6E2FF003CA1BA /* CommentCell.swift in Sources */ = {isa = PBXBuildFile; fileRef = F9284CA627D6E2FE003CA1BA /* CommentCell.swift */; };
/* End PBXBuildFile section */

/* Begin PBXContainerItemProxy section */
		F9097D5827CDAE4B00AFC065 /* PBXContainerItemProxy */ = {
			isa = PBXContainerItemProxy;
			containerPortal = F9097D3927CDAE4900AFC065 /* Project object */;
			proxyType = 1;
			remoteGlobalIDString = F9097D4027CDAE4900AFC065;
			remoteInfo = Instagram;
		};
		F9097D6227CDAE4B00AFC065 /* PBXContainerItemProxy */ = {
			isa = PBXContainerItemProxy;
			containerPortal = F9097D3927CDAE4900AFC065 /* Project object */;
			proxyType = 1;
			remoteGlobalIDString = F9097D4027CDAE4900AFC065;
			remoteInfo = Instagram;
		};
/* End PBXContainerItemProxy section */

/* Begin PBXFileReference section */
		17AA43B695211FDD8BD2479C /* Pods_Instagram.framework */ = {isa = PBXFileReference; explicitFileType = wrapper.framework; includeInIndex = 0; path = Pods_Instagram.framework; sourceTree = BUILT_PRODUCTS_DIR; };
		63324663BEC1CA5241C0E3C4 /* Pods-InstagramTests.debug.xcconfig */ = {isa = PBXFileReference; includeInIndex = 1; lastKnownFileType = text.xcconfig; name = "Pods-InstagramTests.debug.xcconfig"; path = "Target Support Files/Pods-InstagramTests/Pods-InstagramTests.debug.xcconfig"; sourceTree = "<group>"; };
		71FBFACAD7074BA2BE68FF17 /* Pods_InstagramTests.framework */ = {isa = PBXFileReference; explicitFileType = wrapper.framework; includeInIndex = 0; path = Pods_InstagramTests.framework; sourceTree = BUILT_PRODUCTS_DIR; };
		73D9AEF8891C6D91E008B658 /* Pods_Instagram_InstagramUITests.framework */ = {isa = PBXFileReference; explicitFileType = wrapper.framework; includeInIndex = 0; path = Pods_Instagram_InstagramUITests.framework; sourceTree = BUILT_PRODUCTS_DIR; };
		7A7D0A7F80F953EA38049A3A /* Pods-InstagramTests.release.xcconfig */ = {isa = PBXFileReference; includeInIndex = 1; lastKnownFileType = text.xcconfig; name = "Pods-InstagramTests.release.xcconfig"; path = "Target Support Files/Pods-InstagramTests/Pods-InstagramTests.release.xcconfig"; sourceTree = "<group>"; };
		84283DF497737A4782B33FE1 /* Pods-Instagram-InstagramUITests.debug.xcconfig */ = {isa = PBXFileReference; includeInIndex = 1; lastKnownFileType = text.xcconfig; name = "Pods-Instagram-InstagramUITests.debug.xcconfig"; path = "Target Support Files/Pods-Instagram-InstagramUITests/Pods-Instagram-InstagramUITests.debug.xcconfig"; sourceTree = "<group>"; };
		C6ABB145D66D7D3788305823 /* Pods-Instagram-InstagramUITests.release.xcconfig */ = {isa = PBXFileReference; includeInIndex = 1; lastKnownFileType = text.xcconfig; name = "Pods-Instagram-InstagramUITests.release.xcconfig"; path = "Target Support Files/Pods-Instagram-InstagramUITests/Pods-Instagram-InstagramUITests.release.xcconfig"; sourceTree = "<group>"; };
		E93EB3E43E735E8EC6BEB8DD /* Pods-Instagram.debug.xcconfig */ = {isa = PBXFileReference; includeInIndex = 1; lastKnownFileType = text.xcconfig; name = "Pods-Instagram.debug.xcconfig"; path = "Target Support Files/Pods-Instagram/Pods-Instagram.debug.xcconfig"; sourceTree = "<group>"; };
		F8E6CE6B51F23D0935873D3A /* Pods-Instagram.release.xcconfig */ = {isa = PBXFileReference; includeInIndex = 1; lastKnownFileType = text.xcconfig; name = "Pods-Instagram.release.xcconfig"; path = "Target Support Files/Pods-Instagram/Pods-Instagram.release.xcconfig"; sourceTree = "<group>"; };
		F9097D4127CDAE4900AFC065 /* Instagram.app */ = {isa = PBXFileReference; explicitFileType = wrapper.application; includeInIndex = 0; path = Instagram.app; sourceTree = BUILT_PRODUCTS_DIR; };
		F9097D4427CDAE4900AFC065 /* AppDelegate.swift */ = {isa = PBXFileReference; lastKnownFileType = sourcecode.swift; path = AppDelegate.swift; sourceTree = "<group>"; };
		F9097D4627CDAE4900AFC065 /* SceneDelegate.swift */ = {isa = PBXFileReference; lastKnownFileType = sourcecode.swift; path = SceneDelegate.swift; sourceTree = "<group>"; };
		F9097D4B27CDAE4900AFC065 /* Base */ = {isa = PBXFileReference; lastKnownFileType = file.storyboard; name = Base; path = Base.lproj/Main.storyboard; sourceTree = "<group>"; };
		F9097D4D27CDAE4B00AFC065 /* Assets.xcassets */ = {isa = PBXFileReference; lastKnownFileType = folder.assetcatalog; path = Assets.xcassets; sourceTree = "<group>"; };
		F9097D5027CDAE4B00AFC065 /* Base */ = {isa = PBXFileReference; lastKnownFileType = file.storyboard; name = Base; path = Base.lproj/LaunchScreen.storyboard; sourceTree = "<group>"; };
		F9097D5227CDAE4B00AFC065 /* Info.plist */ = {isa = PBXFileReference; lastKnownFileType = text.plist.xml; path = Info.plist; sourceTree = "<group>"; };
		F9097D5727CDAE4B00AFC065 /* InstagramTests.xctest */ = {isa = PBXFileReference; explicitFileType = wrapper.cfbundle; includeInIndex = 0; path = InstagramTests.xctest; sourceTree = BUILT_PRODUCTS_DIR; };
		F9097D5B27CDAE4B00AFC065 /* InstagramTests.swift */ = {isa = PBXFileReference; lastKnownFileType = sourcecode.swift; path = InstagramTests.swift; sourceTree = "<group>"; };
		F9097D6127CDAE4B00AFC065 /* InstagramUITests.xctest */ = {isa = PBXFileReference; explicitFileType = wrapper.cfbundle; includeInIndex = 0; path = InstagramUITests.xctest; sourceTree = BUILT_PRODUCTS_DIR; };
		F9097D6527CDAE4B00AFC065 /* InstagramUITests.swift */ = {isa = PBXFileReference; lastKnownFileType = sourcecode.swift; path = InstagramUITests.swift; sourceTree = "<group>"; };
		F9097D6727CDAE4B00AFC065 /* InstagramUITestsLaunchTests.swift */ = {isa = PBXFileReference; lastKnownFileType = sourcecode.swift; path = InstagramUITestsLaunchTests.swift; sourceTree = "<group>"; };
		F9097D7427CDB18500AFC065 /* LoginViewController.swift */ = {isa = PBXFileReference; lastKnownFileType = sourcecode.swift; path = LoginViewController.swift; sourceTree = "<group>"; };
		F9097D7627CDB21D00AFC065 /* FeedViewController.swift */ = {isa = PBXFileReference; lastKnownFileType = sourcecode.swift; path = FeedViewController.swift; sourceTree = "<group>"; };
		F9097D7827CDCA2F00AFC065 /* CameraViewController.swift */ = {isa = PBXFileReference; lastKnownFileType = sourcecode.swift; path = CameraViewController.swift; sourceTree = "<group>"; };
		F9097D7A27CDDBA800AFC065 /* PostCell.swift */ = {isa = PBXFileReference; lastKnownFileType = sourcecode.swift; path = PostCell.swift; sourceTree = "<group>"; };
		F9284CA627D6E2FE003CA1BA /* CommentCell.swift */ = {isa = PBXFileReference; lastKnownFileType = sourcecode.swift; path = CommentCell.swift; sourceTree = "<group>"; };
/* End PBXFileReference section */

/* Begin PBXFrameworksBuildPhase section */
		F9097D3E27CDAE4900AFC065 /* Frameworks */ = {
			isa = PBXFrameworksBuildPhase;
			buildActionMask = 2147483647;
			files = (
				CD477B4DC803485FE242A74D /* Pods_Instagram.framework in Frameworks */,
			);
			runOnlyForDeploymentPostprocessing = 0;
		};
		F9097D5427CDAE4B00AFC065 /* Frameworks */ = {
			isa = PBXFrameworksBuildPhase;
			buildActionMask = 2147483647;
			files = (
				05FB8EE4F2CFBA8A066672FA /* Pods_InstagramTests.framework in Frameworks */,
			);
			runOnlyForDeploymentPostprocessing = 0;
		};
		F9097D5E27CDAE4B00AFC065 /* Frameworks */ = {
			isa = PBXFrameworksBuildPhase;
			buildActionMask = 2147483647;
			files = (
				94D405248615A31688CAF19A /* Pods_Instagram_InstagramUITests.framework in Frameworks */,
			);
			runOnlyForDeploymentPostprocessing = 0;
		};
/* End PBXFrameworksBuildPhase section */

/* Begin PBXGroup section */
		6DD425A1F4FE2ED5DEFFEACB /* Pods */ = {
			isa = PBXGroup;
			children = (
				E93EB3E43E735E8EC6BEB8DD /* Pods-Instagram.debug.xcconfig */,
				F8E6CE6B51F23D0935873D3A /* Pods-Instagram.release.xcconfig */,
				84283DF497737A4782B33FE1 /* Pods-Instagram-InstagramUITests.debug.xcconfig */,
				C6ABB145D66D7D3788305823 /* Pods-Instagram-InstagramUITests.release.xcconfig */,
				63324663BEC1CA5241C0E3C4 /* Pods-InstagramTests.debug.xcconfig */,
				7A7D0A7F80F953EA38049A3A /* Pods-InstagramTests.release.xcconfig */,
			);
			path = Pods;
			sourceTree = "<group>";
		};
		BA10F6548F3FAA69ABB15507 /* Frameworks */ = {
			isa = PBXGroup;
			children = (
				17AA43B695211FDD8BD2479C /* Pods_Instagram.framework */,
				73D9AEF8891C6D91E008B658 /* Pods_Instagram_InstagramUITests.framework */,
				71FBFACAD7074BA2BE68FF17 /* Pods_InstagramTests.framework */,
			);
			name = Frameworks;
			sourceTree = "<group>";
		};
		F9097D3827CDAE4900AFC065 = {
			isa = PBXGroup;
			children = (
				F9097D4327CDAE4900AFC065 /* Instagram */,
				F9097D5A27CDAE4B00AFC065 /* InstagramTests */,
				F9097D6427CDAE4B00AFC065 /* InstagramUITests */,
				F9097D4227CDAE4900AFC065 /* Products */,
				6DD425A1F4FE2ED5DEFFEACB /* Pods */,
				BA10F6548F3FAA69ABB15507 /* Frameworks */,
			);
			sourceTree = "<group>";
		};
		F9097D4227CDAE4900AFC065 /* Products */ = {
			isa = PBXGroup;
			children = (
				F9097D4127CDAE4900AFC065 /* Instagram.app */,
				F9097D5727CDAE4B00AFC065 /* InstagramTests.xctest */,
				F9097D6127CDAE4B00AFC065 /* InstagramUITests.xctest */,
			);
			name = Products;
			sourceTree = "<group>";
		};
		F9097D4327CDAE4900AFC065 /* Instagram */ = {
			isa = PBXGroup;
			children = (
				F9097D4427CDAE4900AFC065 /* AppDelegate.swift */,
				F9097D4627CDAE4900AFC065 /* SceneDelegate.swift */,
				F9097D4A27CDAE4900AFC065 /* Main.storyboard */,
				F9097D4D27CDAE4B00AFC065 /* Assets.xcassets */,
				F9097D4F27CDAE4B00AFC065 /* LaunchScreen.storyboard */,
				F9097D5227CDAE4B00AFC065 /* Info.plist */,
				F9097D7427CDB18500AFC065 /* LoginViewController.swift */,
				F9097D7627CDB21D00AFC065 /* FeedViewController.swift */,
				F9097D7827CDCA2F00AFC065 /* CameraViewController.swift */,
				F9097D7A27CDDBA800AFC065 /* PostCell.swift */,
				F9284CA627D6E2FE003CA1BA /* CommentCell.swift */,
			);
			path = Instagram;
			sourceTree = "<group>";
		};
		F9097D5A27CDAE4B00AFC065 /* InstagramTests */ = {
			isa = PBXGroup;
			children = (
				F9097D5B27CDAE4B00AFC065 /* InstagramTests.swift */,
			);
			path = InstagramTests;
			sourceTree = "<group>";
		};
		F9097D6427CDAE4B00AFC065 /* InstagramUITests */ = {
			isa = PBXGroup;
			children = (
				F9097D6527CDAE4B00AFC065 /* InstagramUITests.swift */,
				F9097D6727CDAE4B00AFC065 /* InstagramUITestsLaunchTests.swift */,
			);
			path = InstagramUITests;
			sourceTree = "<group>";
		};
/* End PBXGroup section */

/* Begin PBXNativeTarget section */
		F9097D4027CDAE4900AFC065 /* Instagram */ = {
			isa = PBXNativeTarget;
			buildConfigurationList = F9097D6B27CDAE4B00AFC065 /* Build configuration list for PBXNativeTarget "Instagram" */;
			buildPhases = (
				1A67B1D4A46E72152259ADC0 /* [CP] Check Pods Manifest.lock */,
				F9097D3D27CDAE4900AFC065 /* Sources */,
				F9097D3E27CDAE4900AFC065 /* Frameworks */,
				F9097D3F27CDAE4900AFC065 /* Resources */,
				38FCA15E477710B9C5153B4C /* [CP] Embed Pods Frameworks */,
			);
			buildRules = (
			);
			dependencies = (
			);
			name = Instagram;
			productName = Instagram;
			productReference = F9097D4127CDAE4900AFC065 /* Instagram.app */;
			productType = "com.apple.product-type.application";
		};
		F9097D5627CDAE4B00AFC065 /* InstagramTests */ = {
			isa = PBXNativeTarget;
			buildConfigurationList = F9097D6E27CDAE4B00AFC065 /* Build configuration list for PBXNativeTarget "InstagramTests" */;
			buildPhases = (
				356EBD6DE80FEFF5CE6F9AF3 /* [CP] Check Pods Manifest.lock */,
				F9097D5327CDAE4B00AFC065 /* Sources */,
				F9097D5427CDAE4B00AFC065 /* Frameworks */,
				F9097D5527CDAE4B00AFC065 /* Resources */,
			);
			buildRules = (
			);
			dependencies = (
				F9097D5927CDAE4B00AFC065 /* PBXTargetDependency */,
			);
			name = InstagramTests;
			productName = InstagramTests;
			productReference = F9097D5727CDAE4B00AFC065 /* InstagramTests.xctest */;
			productType = "com.apple.product-type.bundle.unit-test";
		};
		F9097D6027CDAE4B00AFC065 /* InstagramUITests */ = {
			isa = PBXNativeTarget;
			buildConfigurationList = F9097D7127CDAE4B00AFC065 /* Build configuration list for PBXNativeTarget "InstagramUITests" */;
			buildPhases = (
				205E959325F4A99C124096D9 /* [CP] Check Pods Manifest.lock */,
				F9097D5D27CDAE4B00AFC065 /* Sources */,
				F9097D5E27CDAE4B00AFC065 /* Frameworks */,
				F9097D5F27CDAE4B00AFC065 /* Resources */,
				C7432824F3ACAEA1EFDDE9E5 /* [CP] Embed Pods Frameworks */,
			);
			buildRules = (
			);
			dependencies = (
				F9097D6327CDAE4B00AFC065 /* PBXTargetDependency */,
			);
			name = InstagramUITests;
			productName = InstagramUITests;
			productReference = F9097D6127CDAE4B00AFC065 /* InstagramUITests.xctest */;
			productType = "com.apple.product-type.bundle.ui-testing";
		};
/* End PBXNativeTarget section */

/* Begin PBXProject section */
		F9097D3927CDAE4900AFC065 /* Project object */ = {
			isa = PBXProject;
			attributes = {
				BuildIndependentTargetsInParallel = 1;
				LastSwiftUpdateCheck = 1320;
				LastUpgradeCheck = 1320;
				TargetAttributes = {
					F9097D4027CDAE4900AFC065 = {
						CreatedOnToolsVersion = 13.2.1;
					};
					F9097D5627CDAE4B00AFC065 = {
						CreatedOnToolsVersion = 13.2.1;
						TestTargetID = F9097D4027CDAE4900AFC065;
					};
					F9097D6027CDAE4B00AFC065 = {
						CreatedOnToolsVersion = 13.2.1;
						TestTargetID = F9097D4027CDAE4900AFC065;
					};
				};
			};
			buildConfigurationList = F9097D3C27CDAE4900AFC065 /* Build configuration list for PBXProject "Instagram" */;
			compatibilityVersion = "Xcode 13.0";
			developmentRegion = en;
			hasScannedForEncodings = 0;
			knownRegions = (
				en,
				Base,
			);
			mainGroup = F9097D3827CDAE4900AFC065;
			productRefGroup = F9097D4227CDAE4900AFC065 /* Products */;
			projectDirPath = "";
			projectRoot = "";
			targets = (
				F9097D4027CDAE4900AFC065 /* Instagram */,
				F9097D5627CDAE4B00AFC065 /* InstagramTests */,
				F9097D6027CDAE4B00AFC065 /* InstagramUITests */,
			);
		};
/* End PBXProject section */

/* Begin PBXResourcesBuildPhase section */
		F9097D3F27CDAE4900AFC065 /* Resources */ = {
			isa = PBXResourcesBuildPhase;
			buildActionMask = 2147483647;
			files = (
				F9097D5127CDAE4B00AFC065 /* LaunchScreen.storyboard in Resources */,
				F9097D4E27CDAE4B00AFC065 /* Assets.xcassets in Resources */,
				F9097D4C27CDAE4900AFC065 /* Main.storyboard in Resources */,
			);
			runOnlyForDeploymentPostprocessing = 0;
		};
		F9097D5527CDAE4B00AFC065 /* Resources */ = {
			isa = PBXResourcesBuildPhase;
			buildActionMask = 2147483647;
			files = (
			);
			runOnlyForDeploymentPostprocessing = 0;
		};
		F9097D5F27CDAE4B00AFC065 /* Resources */ = {
			isa = PBXResourcesBuildPhase;
			buildActionMask = 2147483647;
			files = (
			);
			runOnlyForDeploymentPostprocessing = 0;
		};
/* End PBXResourcesBuildPhase section */

/* Begin PBXShellScriptBuildPhase section */
		1A67B1D4A46E72152259ADC0 /* [CP] Check Pods Manifest.lock */ = {
			isa = PBXShellScriptBuildPhase;
			buildActionMask = 2147483647;
			files = (
			);
			inputFileListPaths = (
			);
			inputPaths = (
				"${PODS_PODFILE_DIR_PATH}/Podfile.lock",
				"${PODS_ROOT}/Manifest.lock",
			);
			name = "[CP] Check Pods Manifest.lock";
			outputFileListPaths = (
			);
			outputPaths = (
				"$(DERIVED_FILE_DIR)/Pods-Instagram-checkManifestLockResult.txt",
			);
			runOnlyForDeploymentPostprocessing = 0;
			shellPath = /bin/sh;
			shellScript = "diff \"${PODS_PODFILE_DIR_PATH}/Podfile.lock\" \"${PODS_ROOT}/Manifest.lock\" > /dev/null\nif [ $? != 0 ] ; then\n    # print error to STDERR\n    echo \"error: The sandbox is not in sync with the Podfile.lock. Run 'pod install' or update your CocoaPods installation.\" >&2\n    exit 1\nfi\n# This output is used by Xcode 'outputs' to avoid re-running this script phase.\necho \"SUCCESS\" > \"${SCRIPT_OUTPUT_FILE_0}\"\n";
			showEnvVarsInLog = 0;
		};
		205E959325F4A99C124096D9 /* [CP] Check Pods Manifest.lock */ = {
			isa = PBXShellScriptBuildPhase;
			buildActionMask = 2147483647;
			files = (
			);
			inputFileListPaths = (
			);
			inputPaths = (
				"${PODS_PODFILE_DIR_PATH}/Podfile.lock",
				"${PODS_ROOT}/Manifest.lock",
			);
			name = "[CP] Check Pods Manifest.lock";
			outputFileListPaths = (
			);
			outputPaths = (
				"$(DERIVED_FILE_DIR)/Pods-Instagram-InstagramUITests-checkManifestLockResult.txt",
			);
			runOnlyForDeploymentPostprocessing = 0;
			shellPath = /bin/sh;
			shellScript = "diff \"${PODS_PODFILE_DIR_PATH}/Podfile.lock\" \"${PODS_ROOT}/Manifest.lock\" > /dev/null\nif [ $? != 0 ] ; then\n    # print error to STDERR\n    echo \"error: The sandbox is not in sync with the Podfile.lock. Run 'pod install' or update your CocoaPods installation.\" >&2\n    exit 1\nfi\n# This output is used by Xcode 'outputs' to avoid re-running this script phase.\necho \"SUCCESS\" > \"${SCRIPT_OUTPUT_FILE_0}\"\n";
			showEnvVarsInLog = 0;
		};
		356EBD6DE80FEFF5CE6F9AF3 /* [CP] Check Pods Manifest.lock */ = {
			isa = PBXShellScriptBuildPhase;
			buildActionMask = 2147483647;
			files = (
			);
			inputFileListPaths = (
			);
			inputPaths = (
				"${PODS_PODFILE_DIR_PATH}/Podfile.lock",
				"${PODS_ROOT}/Manifest.lock",
			);
			name = "[CP] Check Pods Manifest.lock";
			outputFileListPaths = (
			);
			outputPaths = (
				"$(DERIVED_FILE_DIR)/Pods-InstagramTests-checkManifestLockResult.txt",
			);
			runOnlyForDeploymentPostprocessing = 0;
			shellPath = /bin/sh;
			shellScript = "diff \"${PODS_PODFILE_DIR_PATH}/Podfile.lock\" \"${PODS_ROOT}/Manifest.lock\" > /dev/null\nif [ $? != 0 ] ; then\n    # print error to STDERR\n    echo \"error: The sandbox is not in sync with the Podfile.lock. Run 'pod install' or update your CocoaPods installation.\" >&2\n    exit 1\nfi\n# This output is used by Xcode 'outputs' to avoid re-running this script phase.\necho \"SUCCESS\" > \"${SCRIPT_OUTPUT_FILE_0}\"\n";
			showEnvVarsInLog = 0;
		};
		38FCA15E477710B9C5153B4C /* [CP] Embed Pods Frameworks */ = {
			isa = PBXShellScriptBuildPhase;
			buildActionMask = 2147483647;
			files = (
			);
			inputFileListPaths = (
				"${PODS_ROOT}/Target Support Files/Pods-Instagram/Pods-Instagram-frameworks-${CONFIGURATION}-input-files.xcfilelist",
			);
			name = "[CP] Embed Pods Frameworks";
			outputFileListPaths = (
				"${PODS_ROOT}/Target Support Files/Pods-Instagram/Pods-Instagram-frameworks-${CONFIGURATION}-output-files.xcfilelist",
			);
			runOnlyForDeploymentPostprocessing = 0;
			shellPath = /bin/sh;
			shellScript = "\"${PODS_ROOT}/Target Support Files/Pods-Instagram/Pods-Instagram-frameworks.sh\"\n";
			showEnvVarsInLog = 0;
		};
		C7432824F3ACAEA1EFDDE9E5 /* [CP] Embed Pods Frameworks */ = {
			isa = PBXShellScriptBuildPhase;
			buildActionMask = 2147483647;
			files = (
			);
			inputFileListPaths = (
				"${PODS_ROOT}/Target Support Files/Pods-Instagram-InstagramUITests/Pods-Instagram-InstagramUITests-frameworks-${CONFIGURATION}-input-files.xcfilelist",
			);
			name = "[CP] Embed Pods Frameworks";
			outputFileListPaths = (
				"${PODS_ROOT}/Target Support Files/Pods-Instagram-InstagramUITests/Pods-Instagram-InstagramUITests-frameworks-${CONFIGURATION}-output-files.xcfilelist",
			);
			runOnlyForDeploymentPostprocessing = 0;
			shellPath = /bin/sh;
			shellScript = "\"${PODS_ROOT}/Target Support Files/Pods-Instagram-InstagramUITests/Pods-Instagram-InstagramUITests-frameworks.sh\"\n";
			showEnvVarsInLog = 0;
		};
/* End PBXShellScriptBuildPhase section */

/* Begin PBXSourcesBuildPhase section */
		F9097D3D27CDAE4900AFC065 /* Sources */ = {
			isa = PBXSourcesBuildPhase;
			buildActionMask = 2147483647;
			files = (
				F9097D7527CDB18500AFC065 /* LoginViewController.swift in Sources */,
				F9097D7927CDCA2F00AFC065 /* CameraViewController.swift in Sources */,
				F9097D4527CDAE4900AFC065 /* AppDelegate.swift in Sources */,
				F9097D7727CDB21D00AFC065 /* FeedViewController.swift in Sources */,
				F9097D4727CDAE4900AFC065 /* SceneDelegate.swift in Sources */,
				F9097D7B27CDDBA900AFC065 /* PostCell.swift in Sources */,
				F9284CA727D6E2FF003CA1BA /* CommentCell.swift in Sources */,
			);
			runOnlyForDeploymentPostprocessing = 0;
		};
		F9097D5327CDAE4B00AFC065 /* Sources */ = {
			isa = PBXSourcesBuildPhase;
			buildActionMask = 2147483647;
			files = (
				F9097D5C27CDAE4B00AFC065 /* InstagramTests.swift in Sources */,
			);
			runOnlyForDeploymentPostprocessing = 0;
		};
		F9097D5D27CDAE4B00AFC065 /* Sources */ = {
			isa = PBXSourcesBuildPhase;
			buildActionMask = 2147483647;
			files = (
				F9097D6627CDAE4B00AFC065 /* InstagramUITests.swift in Sources */,
				F9097D6827CDAE4B00AFC065 /* InstagramUITestsLaunchTests.swift in Sources */,
			);
			runOnlyForDeploymentPostprocessing = 0;
		};
/* End PBXSourcesBuildPhase section */

/* Begin PBXTargetDependency section */
		F9097D5927CDAE4B00AFC065 /* PBXTargetDependency */ = {
			isa = PBXTargetDependency;
			target = F9097D4027CDAE4900AFC065 /* Instagram */;
			targetProxy = F9097D5827CDAE4B00AFC065 /* PBXContainerItemProxy */;
		};
		F9097D6327CDAE4B00AFC065 /* PBXTargetDependency */ = {
			isa = PBXTargetDependency;
			target = F9097D4027CDAE4900AFC065 /* Instagram */;
			targetProxy = F9097D6227CDAE4B00AFC065 /* PBXContainerItemProxy */;
		};
/* End PBXTargetDependency section */

/* Begin PBXVariantGroup section */
		F9097D4A27CDAE4900AFC065 /* Main.storyboard */ = {
			isa = PBXVariantGroup;
			children = (
				F9097D4B27CDAE4900AFC065 /* Base */,
			);
			name = Main.storyboard;
			sourceTree = "<group>";
		};
		F9097D4F27CDAE4B00AFC065 /* LaunchScreen.storyboard */ = {
			isa = PBXVariantGroup;
			children = (
				F9097D5027CDAE4B00AFC065 /* Base */,
			);
			name = LaunchScreen.storyboard;
			sourceTree = "<group>";
		};
/* End PBXVariantGroup section */

/* Begin XCBuildConfiguration section */
		F9097D6927CDAE4B00AFC065 /* Debug */ = {
			isa = XCBuildConfiguration;
			buildSettings = {
				ALWAYS_SEARCH_USER_PATHS = NO;
				CLANG_ANALYZER_NONNULL = YES;
				CLANG_ANALYZER_NUMBER_OBJECT_CONVERSION = YES_AGGRESSIVE;
				CLANG_CXX_LANGUAGE_STANDARD = "gnu++17";
				CLANG_CXX_LIBRARY = "libc++";
				CLANG_ENABLE_MODULES = YES;
				CLANG_ENABLE_OBJC_ARC = YES;
				CLANG_ENABLE_OBJC_WEAK = YES;
				CLANG_WARN_BLOCK_CAPTURE_AUTORELEASING = YES;
				CLANG_WARN_BOOL_CONVERSION = YES;
				CLANG_WARN_COMMA = YES;
				CLANG_WARN_CONSTANT_CONVERSION = YES;
				CLANG_WARN_DEPRECATED_OBJC_IMPLEMENTATIONS = YES;
				CLANG_WARN_DIRECT_OBJC_ISA_USAGE = YES_ERROR;
				CLANG_WARN_DOCUMENTATION_COMMENTS = YES;
				CLANG_WARN_EMPTY_BODY = YES;
				CLANG_WARN_ENUM_CONVERSION = YES;
				CLANG_WARN_INFINITE_RECURSION = YES;
				CLANG_WARN_INT_CONVERSION = YES;
				CLANG_WARN_NON_LITERAL_NULL_CONVERSION = YES;
				CLANG_WARN_OBJC_IMPLICIT_RETAIN_SELF = YES;
				CLANG_WARN_OBJC_LITERAL_CONVERSION = YES;
				CLANG_WARN_OBJC_ROOT_CLASS = YES_ERROR;
				CLANG_WARN_QUOTED_INCLUDE_IN_FRAMEWORK_HEADER = YES;
				CLANG_WARN_RANGE_LOOP_ANALYSIS = YES;
				CLANG_WARN_STRICT_PROTOTYPES = YES;
				CLANG_WARN_SUSPICIOUS_MOVE = YES;
				CLANG_WARN_UNGUARDED_AVAILABILITY = YES_AGGRESSIVE;
				CLANG_WARN_UNREACHABLE_CODE = YES;
				CLANG_WARN__DUPLICATE_METHOD_MATCH = YES;
				COPY_PHASE_STRIP = NO;
				DEBUG_INFORMATION_FORMAT = dwarf;
				ENABLE_STRICT_OBJC_MSGSEND = YES;
				ENABLE_TESTABILITY = YES;
				GCC_C_LANGUAGE_STANDARD = gnu11;
				GCC_DYNAMIC_NO_PIC = NO;
				GCC_NO_COMMON_BLOCKS = YES;
				GCC_OPTIMIZATION_LEVEL = 0;
				GCC_PREPROCESSOR_DEFINITIONS = (
					"DEBUG=1",
					"$(inherited)",
				);
				GCC_WARN_64_TO_32_BIT_CONVERSION = YES;
				GCC_WARN_ABOUT_RETURN_TYPE = YES_ERROR;
				GCC_WARN_UNDECLARED_SELECTOR = YES;
				GCC_WARN_UNINITIALIZED_AUTOS = YES_AGGRESSIVE;
				GCC_WARN_UNUSED_FUNCTION = YES;
				GCC_WARN_UNUSED_VARIABLE = YES;
				IPHONEOS_DEPLOYMENT_TARGET = 15.2;
				MTL_ENABLE_DEBUG_INFO = INCLUDE_SOURCE;
				MTL_FAST_MATH = YES;
				ONLY_ACTIVE_ARCH = YES;
				SDKROOT = iphoneos;
				SWIFT_ACTIVE_COMPILATION_CONDITIONS = DEBUG;
				SWIFT_OPTIMIZATION_LEVEL = "-Onone";
			};
			name = Debug;
		};
		F9097D6A27CDAE4B00AFC065 /* Release */ = {
			isa = XCBuildConfiguration;
			buildSettings = {
				ALWAYS_SEARCH_USER_PATHS = NO;
				CLANG_ANALYZER_NONNULL = YES;
				CLANG_ANALYZER_NUMBER_OBJECT_CONVERSION = YES_AGGRESSIVE;
				CLANG_CXX_LANGUAGE_STANDARD = "gnu++17";
				CLANG_CXX_LIBRARY = "libc++";
				CLANG_ENABLE_MODULES = YES;
				CLANG_ENABLE_OBJC_ARC = YES;
				CLANG_ENABLE_OBJC_WEAK = YES;
				CLANG_WARN_BLOCK_CAPTURE_AUTORELEASING = YES;
				CLANG_WARN_BOOL_CONVERSION = YES;
				CLANG_WARN_COMMA = YES;
				CLANG_WARN_CONSTANT_CONVERSION = YES;
				CLANG_WARN_DEPRECATED_OBJC_IMPLEMENTATIONS = YES;
				CLANG_WARN_DIRECT_OBJC_ISA_USAGE = YES_ERROR;
				CLANG_WARN_DOCUMENTATION_COMMENTS = YES;
				CLANG_WARN_EMPTY_BODY = YES;
				CLANG_WARN_ENUM_CONVERSION = YES;
				CLANG_WARN_INFINITE_RECURSION = YES;
				CLANG_WARN_INT_CONVERSION = YES;
				CLANG_WARN_NON_LITERAL_NULL_CONVERSION = YES;
				CLANG_WARN_OBJC_IMPLICIT_RETAIN_SELF = YES;
				CLANG_WARN_OBJC_LITERAL_CONVERSION = YES;
				CLANG_WARN_OBJC_ROOT_CLASS = YES_ERROR;
				CLANG_WARN_QUOTED_INCLUDE_IN_FRAMEWORK_HEADER = YES;
				CLANG_WARN_RANGE_LOOP_ANALYSIS = YES;
				CLANG_WARN_STRICT_PROTOTYPES = YES;
				CLANG_WARN_SUSPICIOUS_MOVE = YES;
				CLANG_WARN_UNGUARDED_AVAILABILITY = YES_AGGRESSIVE;
				CLANG_WARN_UNREACHABLE_CODE = YES;
				CLANG_WARN__DUPLICATE_METHOD_MATCH = YES;
				COPY_PHASE_STRIP = NO;
				DEBUG_INFORMATION_FORMAT = "dwarf-with-dsym";
				ENABLE_NS_ASSERTIONS = NO;
				ENABLE_STRICT_OBJC_MSGSEND = YES;
				GCC_C_LANGUAGE_STANDARD = gnu11;
				GCC_NO_COMMON_BLOCKS = YES;
				GCC_WARN_64_TO_32_BIT_CONVERSION = YES;
				GCC_WARN_ABOUT_RETURN_TYPE = YES_ERROR;
				GCC_WARN_UNDECLARED_SELECTOR = YES;
				GCC_WARN_UNINITIALIZED_AUTOS = YES_AGGRESSIVE;
				GCC_WARN_UNUSED_FUNCTION = YES;
				GCC_WARN_UNUSED_VARIABLE = YES;
				IPHONEOS_DEPLOYMENT_TARGET = 15.2;
				MTL_ENABLE_DEBUG_INFO = NO;
				MTL_FAST_MATH = YES;
				SDKROOT = iphoneos;
				SWIFT_COMPILATION_MODE = wholemodule;
				SWIFT_OPTIMIZATION_LEVEL = "-O";
				VALIDATE_PRODUCT = YES;
			};
			name = Release;
		};
		F9097D6C27CDAE4B00AFC065 /* Debug */ = {
			isa = XCBuildConfiguration;
			baseConfigurationReference = E93EB3E43E735E8EC6BEB8DD /* Pods-Instagram.debug.xcconfig */;
			buildSettings = {
				ASSETCATALOG_COMPILER_APPICON_NAME = AppIcon;
				ASSETCATALOG_COMPILER_GLOBAL_ACCENT_COLOR_NAME = AccentColor;
				CODE_SIGN_STYLE = Automatic;
				CURRENT_PROJECT_VERSION = 1;
				GENERATE_INFOPLIST_FILE = YES;
				INFOPLIST_FILE = Instagram/Info.plist;
				INFOPLIST_KEY_UIApplicationSupportsIndirectInputEvents = YES;
				INFOPLIST_KEY_UILaunchStoryboardName = LaunchScreen;
				INFOPLIST_KEY_UIMainStoryboardFile = Main;
				INFOPLIST_KEY_UISupportedInterfaceOrientations_iPad = "UIInterfaceOrientationPortrait UIInterfaceOrientationPortraitUpsideDown UIInterfaceOrientationLandscapeLeft UIInterfaceOrientationLandscapeRight";
				INFOPLIST_KEY_UISupportedInterfaceOrientations_iPhone = "UIInterfaceOrientationPortrait UIInterfaceOrientationLandscapeLeft UIInterfaceOrientationLandscapeRight";
				LD_RUNPATH_SEARCH_PATHS = (
					"$(inherited)",
					"@executable_path/Frameworks",
				);
				MARKETING_VERSION = 1.0;
				PRODUCT_BUNDLE_IDENTIFIER = com.example.Instagram;
				PRODUCT_NAME = "$(TARGET_NAME)";
				SWIFT_EMIT_LOC_STRINGS = YES;
				SWIFT_VERSION = 5.0;
				TARGETED_DEVICE_FAMILY = "1,2";
			};
			name = Debug;
		};
		F9097D6D27CDAE4B00AFC065 /* Release */ = {
			isa = XCBuildConfiguration;
			baseConfigurationReference = F8E6CE6B51F23D0935873D3A /* Pods-Instagram.release.xcconfig */;
			buildSettings = {
				ASSETCATALOG_COMPILER_APPICON_NAME = AppIcon;
				ASSETCATALOG_COMPILER_GLOBAL_ACCENT_COLOR_NAME = AccentColor;
				CODE_SIGN_STYLE = Automatic;
				CURRENT_PROJECT_VERSION = 1;
				GENERATE_INFOPLIST_FILE = YES;
				INFOPLIST_FILE = Instagram/Info.plist;
				INFOPLIST_KEY_UIApplicationSupportsIndirectInputEvents = YES;
				INFOPLIST_KEY_UILaunchStoryboardName = LaunchScreen;
				INFOPLIST_KEY_UIMainStoryboardFile = Main;
				INFOPLIST_KEY_UISupportedInterfaceOrientations_iPad = "UIInterfaceOrientationPortrait UIInterfaceOrientationPortraitUpsideDown UIInterfaceOrientationLandscapeLeft UIInterfaceOrientationLandscapeRight";
				INFOPLIST_KEY_UISupportedInterfaceOrientations_iPhone = "UIInterfaceOrientationPortrait UIInterfaceOrientationLandscapeLeft UIInterfaceOrientationLandscapeRight";
				LD_RUNPATH_SEARCH_PATHS = (
					"$(inherited)",
					"@executable_path/Frameworks",
				);
				MARKETING_VERSION = 1.0;
				PRODUCT_BUNDLE_IDENTIFIER = com.example.Instagram;
				PRODUCT_NAME = "$(TARGET_NAME)";
				SWIFT_EMIT_LOC_STRINGS = YES;
				SWIFT_VERSION = 5.0;
				TARGETED_DEVICE_FAMILY = "1,2";
			};
			name = Release;
		};
		F9097D6F27CDAE4B00AFC065 /* Debug */ = {
			isa = XCBuildConfiguration;
			baseConfigurationReference = 63324663BEC1CA5241C0E3C4 /* Pods-InstagramTests.debug.xcconfig */;
			buildSettings = {
				ALWAYS_EMBED_SWIFT_STANDARD_LIBRARIES = YES;
				BUNDLE_LOADER = "$(TEST_HOST)";
				CODE_SIGN_STYLE = Automatic;
				CURRENT_PROJECT_VERSION = 1;
				GENERATE_INFOPLIST_FILE = YES;
				IPHONEOS_DEPLOYMENT_TARGET = 15.2;
				MARKETING_VERSION = 1.0;
				PRODUCT_BUNDLE_IDENTIFIER = com.example.InstagramTests;
				PRODUCT_NAME = "$(TARGET_NAME)";
				SWIFT_EMIT_LOC_STRINGS = NO;
				SWIFT_VERSION = 5.0;
				TARGETED_DEVICE_FAMILY = "1,2";
				TEST_HOST = "$(BUILT_PRODUCTS_DIR)/Instagram.app/Instagram";
			};
			name = Debug;
		};
		F9097D7027CDAE4B00AFC065 /* Release */ = {
			isa = XCBuildConfiguration;
			baseConfigurationReference = 7A7D0A7F80F953EA38049A3A /* Pods-InstagramTests.release.xcconfig */;
			buildSettings = {
				ALWAYS_EMBED_SWIFT_STANDARD_LIBRARIES = YES;
				BUNDLE_LOADER = "$(TEST_HOST)";
				CODE_SIGN_STYLE = Automatic;
				CURRENT_PROJECT_VERSION = 1;
				GENERATE_INFOPLIST_FILE = YES;
				IPHONEOS_DEPLOYMENT_TARGET = 15.2;
				MARKETING_VERSION = 1.0;
				PRODUCT_BUNDLE_IDENTIFIER = com.example.InstagramTests;
				PRODUCT_NAME = "$(TARGET_NAME)";
				SWIFT_EMIT_LOC_STRINGS = NO;
				SWIFT_VERSION = 5.0;
				TARGETED_DEVICE_FAMILY = "1,2";
				TEST_HOST = "$(BUILT_PRODUCTS_DIR)/Instagram.app/Instagram";
			};
			name = Release;
		};
		F9097D7227CDAE4B00AFC065 /* Debug */ = {
			isa = XCBuildConfiguration;
			baseConfigurationReference = 84283DF497737A4782B33FE1 /* Pods-Instagram-InstagramUITests.debug.xcconfig */;
			buildSettings = {
				ALWAYS_EMBED_SWIFT_STANDARD_LIBRARIES = YES;
				CODE_SIGN_STYLE = Automatic;
				CURRENT_PROJECT_VERSION = 1;
				GENERATE_INFOPLIST_FILE = YES;
				MARKETING_VERSION = 1.0;
				PRODUCT_BUNDLE_IDENTIFIER = com.example.InstagramUITests;
				PRODUCT_NAME = "$(TARGET_NAME)";
				SWIFT_EMIT_LOC_STRINGS = NO;
				SWIFT_VERSION = 5.0;
				TARGETED_DEVICE_FAMILY = "1,2";
				TEST_TARGET_NAME = Instagram;
			};
			name = Debug;
		};
		F9097D7327CDAE4B00AFC065 /* Release */ = {
			isa = XCBuildConfiguration;
			baseConfigurationReference = C6ABB145D66D7D3788305823 /* Pods-Instagram-InstagramUITests.release.xcconfig */;
			buildSettings = {
				ALWAYS_EMBED_SWIFT_STANDARD_LIBRARIES = YES;
				CODE_SIGN_STYLE = Automatic;
				CURRENT_PROJECT_VERSION = 1;
				GENERATE_INFOPLIST_FILE = YES;
				MARKETING_VERSION = 1.0;
				PRODUCT_BUNDLE_IDENTIFIER = com.example.InstagramUITests;
				PRODUCT_NAME = "$(TARGET_NAME)";
				SWIFT_EMIT_LOC_STRINGS = NO;
				SWIFT_VERSION = 5.0;
				TARGETED_DEVICE_FAMILY = "1,2";
				TEST_TARGET_NAME = Instagram;
			};
			name = Release;
		};
/* End XCBuildConfiguration section */

/* Begin XCConfigurationList section */
		F9097D3C27CDAE4900AFC065 /* Build configuration list for PBXProject "Instagram" */ = {
			isa = XCConfigurationList;
			buildConfigurations = (
				F9097D6927CDAE4B00AFC065 /* Debug */,
				F9097D6A27CDAE4B00AFC065 /* Release */,
			);
			defaultConfigurationIsVisible = 0;
			defaultConfigurationName = Release;
		};
		F9097D6B27CDAE4B00AFC065 /* Build configuration list for PBXNativeTarget "Instagram" */ = {
			isa = XCConfigurationList;
			buildConfigurations = (
				F9097D6C27CDAE4B00AFC065 /* Debug */,
				F9097D6D27CDAE4B00AFC065 /* Release */,
			);
			defaultConfigurationIsVisible = 0;
			defaultConfigurationName = Release;
		};
		F9097D6E27CDAE4B00AFC065 /* Build configuration list for PBXNativeTarget "InstagramTests" */ = {
			isa = XCConfigurationList;
			buildConfigurations = (
				F9097D6F27CDAE4B00AFC065 /* Debug */,
				F9097D7027CDAE4B00AFC065 /* Release */,
			);
			defaultConfigurationIsVisible = 0;
			defaultConfigurationName = Release;
		};
		F9097D7127CDAE4B00AFC065 /* Build configuration list for PBXNativeTarget "InstagramUITests" */ = {
			isa = XCConfigurationList;
			buildConfigurations = (
				F9097D7227CDAE4B00AFC065 /* Debug */,
				F9097D7327CDAE4B00AFC065 /* Release */,
			);
			defaultConfigurationIsVisible = 0;
			defaultConfigurationName = Release;
		};
/* End XCConfigurationList section */
	};
	rootObject = F9097D3927CDAE4900AFC065 /* Project object */;
}
